
Microsoft Visual Studio Solution File, Format Version 12.00
# Visual Studio Version 16
VisualStudioVersion = 16.0.30907.101
MinimumVisualStudioVersion = 10.0.40219.1
Project("{FAE04EC0-301F-11D3-BF4B-00C04F79EFBC}") = "SoD2CharacterRoller", "SoD2CharacterRoller\SoD2CharacterRoller.csproj", "{F1CA01CE-6E6C-45F0-97A9-0BEF462137E1}"
EndProject
Global
	GlobalSection(SolutionConfigurationPlatforms) = preSolution
		Debug|Any CPU = Debug|Any CPU
		Release|Any CPU = Release|Any CPU
	EndGlobalSection
	GlobalSection(ProjectConfigurationPlatforms) = postSolution
		{F1CA01CE-6E6C-45F0-97A9-0BEF462137E1}.Debug|Any CPU.ActiveCfg = Debug|Any CPU
		{F1CA01CE-6E6C-45F0-97A9-0BEF462137E1}.Debug|Any CPU.Build.0 = Debug|Any CPU
		{F1CA01CE-6E6C-45F0-97A9-0BEF462137E1}.Release|Any CPU.ActiveCfg = Release|Any CPU
		{F1CA01CE-6E6C-45F0-97A9-0BEF462137E1}.Release|Any CPU.Build.0 = Release|Any CPU
	EndGlobalSection
	GlobalSection(SolutionProperties) = preSolution
		HideSolutionNode = FALSE
	EndGlobalSection
	GlobalSection(ExtensibilityGlobals) = postSolution
		SolutionGuid = {840EAF72-42B6-45AE-AD9E-17738421BCEC}
	EndGlobalSection
EndGlobal
